
Microsoft Visual Studio Solution File, Format Version 12.00
# Visual Studio Version 17
VisualStudioVersion = 17.0.31903.59
MinimumVisualStudioVersion = 10.0.40219.1
Project("{FAE04EC0-301F-11D3-BF4B-00C04F79EFBC}") = "Users", "users\Users.csproj", "{8A8CCDCE-D49F-4FC8-8019-3A2198579E9B}"
EndProject
Project("{FAE04EC0-301F-11D3-BF4B-00C04F79EFBC}") = "Users.Test", "Users.Test\Users.Test.csproj", "{6D4B61F1-BDC1-43B6-A22E-E451A27A0CAE}"
EndProject
Global
	GlobalSection(SolutionConfigurationPlatforms) = preSolution
		Debug|Any CPU = Debug|Any CPU
		Release|Any CPU = Release|Any CPU
	EndGlobalSection
	GlobalSection(SolutionProperties) = preSolution
		HideSolutionNode = FALSE
	EndGlobalSection
	GlobalSection(ProjectConfigurationPlatforms) = postSolution
		{8A8CCDCE-D49F-4FC8-8019-3A2198579E9B}.Debug|Any CPU.ActiveCfg = Debug|Any CPU
		{8A8CCDCE-D49F-4FC8-8019-3A2198579E9B}.Debug|Any CPU.Build.0 = Debug|Any CPU
		{8A8CCDCE-D49F-4FC8-8019-3A2198579E9B}.Release|Any CPU.ActiveCfg = Release|Any CPU
		{8A8CCDCE-D49F-4FC8-8019-3A2198579E9B}.Release|Any CPU.Build.0 = Release|Any CPU
		{6D4B61F1-BDC1-43B6-A22E-E451A27A0CAE}.Debug|Any CPU.ActiveCfg = Debug|Any CPU
		{6D4B61F1-BDC1-43B6-A22E-E451A27A0CAE}.Debug|Any CPU.Build.0 = Debug|Any CPU
		{6D4B61F1-BDC1-43B6-A22E-E451A27A0CAE}.Release|Any CPU.ActiveCfg = Release|Any CPU
		{6D4B61F1-BDC1-43B6-A22E-E451A27A0CAE}.Release|Any CPU.Build.0 = Release|Any CPU
	EndGlobalSection
EndGlobal
